
Microsoft Visual Studio Solution File, Format Version 12.00
# Visual Studio Version 16
VisualStudioVersion = 16.0.29509.3
MinimumVisualStudioVersion = 10.0.40219.1
Project("{FAE04EC0-301F-11D3-BF4B-00C04F79EFBC}") = "GenericsSolo02", "GenericsSolo02\GenericsSolo02.csproj", "{A5BA8AC0-5C21-4137-BD1B-AB7482E5DC6F}"
EndProject
Global
	GlobalSection(SolutionConfigurationPlatforms) = preSolution
		Debug|Any CPU = Debug|Any CPU
		Release|Any CPU = Release|Any CPU
	EndGlobalSection
	GlobalSection(ProjectConfigurationPlatforms) = postSolution
		{A5BA8AC0-5C21-4137-BD1B-AB7482E5DC6F}.Debug|Any CPU.ActiveCfg = Debug|Any CPU
		{A5BA8AC0-5C21-4137-BD1B-AB7482E5DC6F}.Debug|Any CPU.Build.0 = Debug|Any CPU
		{A5BA8AC0-5C21-4137-BD1B-AB7482E5DC6F}.Release|Any CPU.ActiveCfg = Release|Any CPU
		{A5BA8AC0-5C21-4137-BD1B-AB7482E5DC6F}.Release|Any CPU.Build.0 = Release|Any CPU
	EndGlobalSection
	GlobalSection(SolutionProperties) = preSolution
		HideSolutionNode = FALSE
	EndGlobalSection
	GlobalSection(ExtensibilityGlobals) = postSolution
		SolutionGuid = {AD3B4A08-8375-40A0-A770-570A8B05FBFD}
	EndGlobalSection
EndGlobal
